github.com/gohugoio/hugo-mod-jslibs-dist/popperjs/v2 v2.21100.20000 h1:GZxx4Hc+yb0/t3/rau1j8XlAxLE4CyXns2fqQbyqWfs=
github.com/gohugoio/hugo-mod-jslibs-dist/popperjs/v2 v2.21100.20000/go.mod h1:mFberT6ZtcchrsDtfvJM7aAH2bDKLdOnruUHl0hlapI=
github.com/hbstack/hb v0.2.0 h1:fWwFoFKTAoreLqcBpquZzPrxy7tLj46SKcvSOeE7fc4=
github.com/hbstack/hb v0.2.0/go.mod h1:37E1uTMQx1Hix+VdwlWkW74fi3ct5+KlCCBywv9l3Ac=
github.com/hbstack/hb v0.3.0/go.mod h1:37E1uTMQx1Hix+VdwlWkW74fi3ct5+KlCCBywv9l3Ac=
github.com/hbstack/hb v0.4.0/go.mod h1:37E1uTMQx1Hix+VdwlWkW74fi3ct5+KlCCBywv9l3Ac=
github.com/hbstack/hb v0.5.0/go.mod h1:37E1uTMQx1Hix+VdwlWkW74fi3ct5+KlCCBywv9l3Ac=
github.com/hbstack/hb v0.5.1/go.mod h1:qlNnPNO1MRsrxxDvFMz98DMFafaBgvtAfBYiteR3i1A=
github.com/hbstack/hb v0.5.2/go.mod h1:S/08mx1tK6yxjQIkSqvpqG8HrBzMBDJq1WC5QjXW9p0=
github.com/hbstack/hb v0.6.0/go.mod h1:S/08mx1tK6yxjQIkSqvpqG8HrBzMBDJq1WC5QjXW9p0=
github.com/hbstack/hb v0.7.0/go.mod h1:S/08mx1tK6yxjQIkSqvpqG8HrBzMBDJq1WC5QjXW9p0=
github.com/hbstack/hb v0.7.1/go.mod h1:S/08mx1tK6yxjQIkSqvpqG8HrBzMBDJq1WC5QjXW9p0=
github.com/hbstack/hb v0.7.2/go.mod h1:ZOmDVAInLN3kwl/uoggHvj9e7dU5UFIcvswIGbNdq4M=
github.com/hbstack/hb v0.8.0/go.mod h1:Z+gW6UsRwuivPcqqEb67h7vSQwSCWOr7KxNXkhcsEzM=
github.com/hbstack/hb v0.8.1/go.mod h1:Z+gW6UsRwuivPcqqEb67h7vSQwSCWOr7KxNXkhcsEzM=
github.com/hbstack/hb v0.9.0/go.mod h1:6T8TytCOb1C0EIRVcjzwuhI/G/H0ytTOaJbT1xwiDuY=
github.com/hbstack/hb v0.9.1/go.mod h1:6T8TytCOb1C0EIRVcjzwuhI/G/H0ytTOaJbT1xwiDuY=
github.com/hbstack/hb v0.9.2/go.mod h1:6T8TytCOb1C0EIRVcjzwuhI/G/H0ytTOaJbT1xwiDuY=
github.com/hbstack/hb v0.10.0/go.mod h1:6T8TytCOb1C0EIRVcjzwuhI/G/H0ytTOaJbT1xwiDuY=
github.com/hbstack/hb v0.11.0/go.mod h1:6T8TytCOb1C0EIRVcjzwuhI/G/H0ytTOaJbT1xwiDuY=
github.com/hbstack/hb v0.11.1/go.mod h1:udGcwypPlkMBU+HmhxwJ31w5q/Zak37X8MWTRPeAaBI=
github.com/hbstack/hb v0.11.2/go.mod h1:8liwfjapaZK09pXP6XqZ49GOqFPTn7H9jIZsy7S6esg=
github.com/hbstack/hb v0.12.0/go.mod h1:8liwfjapaZK09pXP6XqZ49GOqFPTn7H9jIZsy7S6esg=
github.com/hbstack/hb v0.12.1/go.mod h1:8liwfjapaZK09pXP6XqZ49GOqFPTn7H9jIZsy7S6esg=
github.com/hbstack/snackbar v0.1.0 h1:xTgENo0CB4VtV6b1+VEj3086FQpG0KtiKmmkZLqlsqg=
github.com/hbstack/snackbar v0.1.0/go.mod h1:rgVAY9iD/eqvU7NFardQfT9ODYMqA52ESRJpmHEaDZE=
github.com/hbstack/snackbar v0.1.1/go.mod h1:JfczmZrPr+la0FnSlcmwWhMrjsNDMPj/fale9MspKAc=
github.com/hbstack/snackbar v0.1.2/go.mod h1:4uZSGpI9ZtR9by0bA8yJW2y61sRks2W4a8VvyMluXuo=
github.com/hugomods/code-block-panel v0.1.1 h1:2ZvWCm+zZynY2opP/0nOpaL4tWoV73WfONCNG1vRrjY=
github.com/hugomods/code-block-panel v0.1.1/go.mod h1:9JGx2XL4BUfDPre72t/TNDvo0b90fEHkqt7JhtJf7AI=
github.com/hugomods/code-block-panel v0.2.0/go.mod h1:sbl/NT0TZqHagnW8NWB690lDBGyY5r2dx6xpR17QSq4=
github.com/hugomods/code-block-panel v0.3.0/go.mod h1:3J9yUxaShbhYvFFZbGVHcBoHPl6TUKLL3f2fTsnVNNg=
github.com/hugomods/code-block-panel v0.4.0/go.mod h1:3J9yUxaShbhYvFFZbGVHcBoHPl6TUKLL3f2fTsnVNNg=
github.com/hugomods/code-block-panel v0.5.0/go.mod h1:3J9yUxaShbhYvFFZbGVHcBoHPl6TUKLL3f2fTsnVNNg=
github.com/hugomods/i18n-js v0.1.0 h1:gJmJVObN8rvtMEwBW/z9Wiitown5ZT91092UaAO+UIE=
github.com/hugomods/i18n-js v0.1.0/go.mod h1:eJfxjgI2CQsNA1/ReIVvr5127DftUKcbHd2A2SQmDvU=
github.com/hugomods/i18n-js v0.2.0/go.mod h1:eJfxjgI2CQsNA1/ReIVvr5127DftUKcbHd2A2SQmDvU=
github.com/hugomods/i18n-js v0.2.1/go.mod h1:eJfxjgI2CQsNA1/ReIVvr5127DftUKcbHd2A2SQmDvU=
