github.com/gohugoio/hugo-mod-jslibs-dist/popperjs/v2 v2.21100.20000 h1:GZxx4Hc+yb0/t3/rau1j8XlAxLE4CyXns2fqQbyqWfs=
github.com/gohugoio/hugo-mod-jslibs-dist/popperjs/v2 v2.21100.20000/go.mod h1:mFberT6ZtcchrsDtfvJM7aAH2bDKLdOnruUHl0hlapI=
github.com/hbstack/hb v0.2.0 h1:fWwFoFKTAoreLqcBpquZzPrxy7tLj46SKcvSOeE7fc4=
github.com/hbstack/hb v0.2.0/go.mod h1:37E1uTMQx1Hix+VdwlWkW74fi3ct5+KlCCBywv9l3Ac=
github.com/hbstack/snackbar v0.1.0 h1:xTgENo0CB4VtV6b1+VEj3086FQpG0KtiKmmkZLqlsqg=
github.com/hbstack/snackbar v0.1.0/go.mod h1:rgVAY9iD/eqvU7NFardQfT9ODYMqA52ESRJpmHEaDZE=
github.com/hugomods/code-block-panel v0.1.1 h1:2ZvWCm+zZynY2opP/0nOpaL4tWoV73WfONCNG1vRrjY=
github.com/hugomods/code-block-panel v0.1.1/go.mod h1:9JGx2XL4BUfDPre72t/TNDvo0b90fEHkqt7JhtJf7AI=
github.com/hugomods/i18n-js v0.1.0 h1:gJmJVObN8rvtMEwBW/z9Wiitown5ZT91092UaAO+UIE=
github.com/hugomods/i18n-js v0.1.0/go.mod h1:eJfxjgI2CQsNA1/ReIVvr5127DftUKcbHd2A2SQmDvU=
